
Microsoft Visual Studio Solution File, Format Version 12.00
# Visual Studio 15
VisualStudioVersion = 15.0.26730.10
MinimumVisualStudioVersion = 10.0.40219.1
Project("{8BC9CEB8-8B4A-11D0-8D11-00A0C91BC942}") = "Message", "CppCommWithFileXfer\Message\Message.vcxproj", "{4133D528-AB6D-4CCD-AF37-67536F36154C}"
EndProject
Project("{8BC9CEB8-8B4A-11D0-8D11-00A0C91BC942}") = "MsgPassingComm", "CppCommWithFileXfer\MsgPassingComm\MsgPassingComm.vcxproj", "{6E58E051-CC07-4D7F-92A4-06A117A79CA7}"
EndProject
Project("{8BC9CEB8-8B4A-11D0-8D11-00A0C91BC942}") = "Sockets", "CppCommWithFileXfer\Sockets\Sockets.vcxproj", "{CA3129B8-1BF4-44C9-B116-53EC72D0BCCB}"
EndProject
Project("{8BC9CEB8-8B4A-11D0-8D11-00A0C91BC942}") = "StringUtilities", "CppCommWithFileXfer\Utilities\StringUtilities\StringUtilities.vcxproj", "{462B43B2-8B13-4178-BF2A-903F76F1985C}"
EndProject
Project("{8BC9CEB8-8B4A-11D0-8D11-00A0C91BC942}") = "FileSystem", "CppCommWithFileXfer\Utilities\FileSystem\FileSystem.vcxproj", "{ACE4D371-F507-4ED1-81AA-61C34D675BDF}"
EndProject
Project("{2150E333-8FDC-42A3-9474-1A3956D46DE8}") = "Solution Items", "Solution Items", "{BA553E3F-82F3-410A-B044-2E6D57A97A1D}"
	ProjectSection(SolutionItems) = preProject
		_ITests.h = _ITests.h
		Construct.txt = Construct.txt
	EndProjectSection
EndProject
Project("{8BC9CEB8-8B4A-11D0-8D11-00A0C91BC942}") = "child_process", "child_process\child_process.vcxproj", "{809BAF8C-2B04-42C8-A958-4C0A00471B73}"
EndProject
Project("{8BC9CEB8-8B4A-11D0-8D11-00A0C91BC942}") = "logger", "logger\logger.vcxproj", "{F4CA48E1-E986-4A38-89C1-24014BFC790B}"
EndProject
Project("{8BC9CEB8-8B4A-11D0-8D11-00A0C91BC942}") = "Cpp11-BlockingQueue", "CppCommWithFileXfer\Cpp11-BlockingQueue\Cpp11-BlockingQueue.vcxproj", "{38A1D03D-7747-4F79-9539-358F1D1D8DD7}"
EndProject
Project("{8BC9CEB8-8B4A-11D0-8D11-00A0C91BC942}") = "CodeUtilities", "CppCommWithFileXfer\Utilities\CodeUtilities\CodeUtilities.vcxproj", "{D6E40902-7A6C-4AF9-B69A-68E7B80B722C}"
EndProject
Project("{8BC9CEB8-8B4A-11D0-8D11-00A0C91BC942}") = "DllLoader", "DllLoader\DllLoader.vcxproj", "{F566A901-C315-4D01-98D0-F728FDA9F6EF}"
EndProject
Project("{8BC9CEB8-8B4A-11D0-8D11-00A0C91BC942}") = "DemoSomeReqs", "DemoSomeReqs\DemoSomeReqs.vcxproj", "{32C3B0D3-360B-4DF8-8C4F-4CA4D4AC586B}"
EndProject
Project("{8BC9CEB8-8B4A-11D0-8D11-00A0C91BC942}") = "FileUtilities", "CppCommWithFileXfer\Utilities\FileUtilities\FileUtilities.vcxproj", "{ED43D6A0-08CE-42BF-97CA-E0587BAAB733}"
EndProject
Project("{8BC9CEB8-8B4A-11D0-8D11-00A0C91BC942}") = "Test_Harness", "Test_Harness\Test_Harness.vcxproj", "{BDEC143A-926B-4058-B7AA-B08C55173237}"
EndProject
Project("{8BC9CEB8-8B4A-11D0-8D11-00A0C91BC942}") = "TestRequest", "TestRequest\TestRequest.vcxproj", "{2FB336ED-53C7-46E2-A942-8BEC5B45AF9A}"
EndProject
Project("{8BC9CEB8-8B4A-11D0-8D11-00A0C91BC942}") = "Properties", "Utilities\Properties\Properties.vcxproj", "{68345F1C-5B11-48CF-8AD8-059E981241DB}"
EndProject
Project("{8BC9CEB8-8B4A-11D0-8D11-00A0C91BC942}") = "DateTime", "Utilities\DateTime\DateTime.vcxproj", "{C1E1F450-B7E1-4796-84D5-7D3C831DFF68}"
EndProject
Project("{8BC9CEB8-8B4A-11D0-8D11-00A0C91BC942}") = "Translater", "Translater\Translater.vcxproj", "{6105617E-3D4C-4914-BA33-E3D053496BA3}"
EndProject
Project("{8BC9CEB8-8B4A-11D0-8D11-00A0C91BC942}") = "CommLibWrapper", "CommLibWrapper\CommLibWrapper.vcxproj", "{B1DB1846-C0FC-48EF-80E4-DC556E9240FA}"
EndProject
Project("{FAE04EC0-301F-11D3-BF4B-00C04F79EFBC}") = "GUI", "GUI\GUI.csproj", "{1A652E61-D7D7-49A9-958D-AB83E9C186C5}"
EndProject
Project("{8BC9CEB8-8B4A-11D0-8D11-00A0C91BC942}") = "ServerPrototype", "Repository\Repository.vcxproj", "{C6AE2374-F0E1-40F6-B4D1-C51E6ABBDC9B}"
EndProject
Global
	GlobalSection(SolutionConfigurationPlatforms) = preSolution
		Debug|Any CPU = Debug|Any CPU
		Debug|x64 = Debug|x64
		Debug|x86 = Debug|x86
		Release|Any CPU = Release|Any CPU
		Release|x64 = Release|x64
		Release|x86 = Release|x86
	EndGlobalSection
	GlobalSection(ProjectConfigurationPlatforms) = postSolution
		{4133D528-AB6D-4CCD-AF37-67536F36154C}.Debug|Any CPU.ActiveCfg = Debug|Win32
		{4133D528-AB6D-4CCD-AF37-67536F36154C}.Debug|x64.ActiveCfg = Debug|x64
		{4133D528-AB6D-4CCD-AF37-67536F36154C}.Debug|x64.Build.0 = Debug|x64
		{4133D528-AB6D-4CCD-AF37-67536F36154C}.Debug|x86.ActiveCfg = Debug|Win32
		{4133D528-AB6D-4CCD-AF37-67536F36154C}.Debug|x86.Build.0 = Debug|Win32
		{4133D528-AB6D-4CCD-AF37-67536F36154C}.Release|Any CPU.ActiveCfg = Release|Win32
		{4133D528-AB6D-4CCD-AF37-67536F36154C}.Release|x64.ActiveCfg = Release|x64
		{4133D528-AB6D-4CCD-AF37-67536F36154C}.Release|x64.Build.0 = Release|x64
		{4133D528-AB6D-4CCD-AF37-67536F36154C}.Release|x86.ActiveCfg = Release|Win32
		{4133D528-AB6D-4CCD-AF37-67536F36154C}.Release|x86.Build.0 = Release|Win32
		{6E58E051-CC07-4D7F-92A4-06A117A79CA7}.Debug|Any CPU.ActiveCfg = Debug|Win32
		{6E58E051-CC07-4D7F-92A4-06A117A79CA7}.Debug|x64.ActiveCfg = Debug|x64
		{6E58E051-CC07-4D7F-92A4-06A117A79CA7}.Debug|x64.Build.0 = Debug|x64
		{6E58E051-CC07-4D7F-92A4-06A117A79CA7}.Debug|x86.ActiveCfg = Debug|Win32
		{6E58E051-CC07-4D7F-92A4-06A117A79CA7}.Debug|x86.Build.0 = Debug|Win32
		{6E58E051-CC07-4D7F-92A4-06A117A79CA7}.Release|Any CPU.ActiveCfg = Release|Win32
		{6E58E051-CC07-4D7F-92A4-06A117A79CA7}.Release|x64.ActiveCfg = Release|x64
		{6E58E051-CC07-4D7F-92A4-06A117A79CA7}.Release|x64.Build.0 = Release|x64
		{6E58E051-CC07-4D7F-92A4-06A117A79CA7}.Release|x86.ActiveCfg = Release|Win32
		{6E58E051-CC07-4D7F-92A4-06A117A79CA7}.Release|x86.Build.0 = Release|Win32
		{CA3129B8-1BF4-44C9-B116-53EC72D0BCCB}.Debug|Any CPU.ActiveCfg = Debug|Win32
		{CA3129B8-1BF4-44C9-B116-53EC72D0BCCB}.Debug|x64.ActiveCfg = Debug|Win32
		{CA3129B8-1BF4-44C9-B116-53EC72D0BCCB}.Debug|x86.ActiveCfg = Debug|Win32
		{CA3129B8-1BF4-44C9-B116-53EC72D0BCCB}.Debug|x86.Build.0 = Debug|Win32
		{CA3129B8-1BF4-44C9-B116-53EC72D0BCCB}.Release|Any CPU.ActiveCfg = Release|Win32
		{CA3129B8-1BF4-44C9-B116-53EC72D0BCCB}.Release|x64.ActiveCfg = Release|Win32
		{CA3129B8-1BF4-44C9-B116-53EC72D0BCCB}.Release|x86.ActiveCfg = Release|Win32
		{CA3129B8-1BF4-44C9-B116-53EC72D0BCCB}.Release|x86.Build.0 = Release|Win32
		{462B43B2-8B13-4178-BF2A-903F76F1985C}.Debug|Any CPU.ActiveCfg = Debug|Win32
		{462B43B2-8B13-4178-BF2A-903F76F1985C}.Debug|x64.ActiveCfg = Debug|x64
		{462B43B2-8B13-4178-BF2A-903F76F1985C}.Debug|x64.Build.0 = Debug|x64
		{462B43B2-8B13-4178-BF2A-903F76F1985C}.Debug|x86.ActiveCfg = Debug|Win32
		{462B43B2-8B13-4178-BF2A-903F76F1985C}.Debug|x86.Build.0 = Debug|Win32
		{462B43B2-8B13-4178-BF2A-903F76F1985C}.Release|Any CPU.ActiveCfg = Release|Win32
		{462B43B2-8B13-4178-BF2A-903F76F1985C}.Release|x64.ActiveCfg = Release|x64
		{462B43B2-8B13-4178-BF2A-903F76F1985C}.Release|x64.Build.0 = Release|x64
		{462B43B2-8B13-4178-BF2A-903F76F1985C}.Release|x86.ActiveCfg = Release|Win32
		{462B43B2-8B13-4178-BF2A-903F76F1985C}.Release|x86.Build.0 = Release|Win32
		{ACE4D371-F507-4ED1-81AA-61C34D675BDF}.Debug|Any CPU.ActiveCfg = Debug|Win32
		{ACE4D371-F507-4ED1-81AA-61C34D675BDF}.Debug|x64.ActiveCfg = Debug|x64
		{ACE4D371-F507-4ED1-81AA-61C34D675BDF}.Debug|x64.Build.0 = Debug|x64
		{ACE4D371-F507-4ED1-81AA-61C34D675BDF}.Debug|x86.ActiveCfg = Debug|Win32
		{ACE4D371-F507-4ED1-81AA-61C34D675BDF}.Debug|x86.Build.0 = Debug|Win32
		{ACE4D371-F507-4ED1-81AA-61C34D675BDF}.Release|Any CPU.ActiveCfg = Release|Win32
		{ACE4D371-F507-4ED1-81AA-61C34D675BDF}.Release|x64.ActiveCfg = Release|x64
		{ACE4D371-F507-4ED1-81AA-61C34D675BDF}.Release|x64.Build.0 = Release|x64
		{ACE4D371-F507-4ED1-81AA-61C34D675BDF}.Release|x86.ActiveCfg = Release|Win32
		{ACE4D371-F507-4ED1-81AA-61C34D675BDF}.Release|x86.Build.0 = Release|Win32
		{809BAF8C-2B04-42C8-A958-4C0A00471B73}.Debug|Any CPU.ActiveCfg = Debug|Win32
		{809BAF8C-2B04-42C8-A958-4C0A00471B73}.Debug|x64.ActiveCfg = Debug|x64
		{809BAF8C-2B04-42C8-A958-4C0A00471B73}.Debug|x64.Build.0 = Debug|x64
		{809BAF8C-2B04-42C8-A958-4C0A00471B73}.Debug|x86.ActiveCfg = Debug|Win32
		{809BAF8C-2B04-42C8-A958-4C0A00471B73}.Debug|x86.Build.0 = Debug|Win32
		{809BAF8C-2B04-42C8-A958-4C0A00471B73}.Release|Any CPU.ActiveCfg = Release|Win32
		{809BAF8C-2B04-42C8-A958-4C0A00471B73}.Release|x64.ActiveCfg = Release|x64
		{809BAF8C-2B04-42C8-A958-4C0A00471B73}.Release|x64.Build.0 = Release|x64
		{809BAF8C-2B04-42C8-A958-4C0A00471B73}.Release|x86.ActiveCfg = Release|Win32
		{809BAF8C-2B04-42C8-A958-4C0A00471B73}.Release|x86.Build.0 = Release|Win32
		{F4CA48E1-E986-4A38-89C1-24014BFC790B}.Debug|Any CPU.ActiveCfg = Debug|Win32
		{F4CA48E1-E986-4A38-89C1-24014BFC790B}.Debug|x64.ActiveCfg = Debug|x64
		{F4CA48E1-E986-4A38-89C1-24014BFC790B}.Debug|x64.Build.0 = Debug|x64
		{F4CA48E1-E986-4A38-89C1-24014BFC790B}.Debug|x86.ActiveCfg = Debug|Win32
		{F4CA48E1-E986-4A38-89C1-24014BFC790B}.Debug|x86.Build.0 = Debug|Win32
		{F4CA48E1-E986-4A38-89C1-24014BFC790B}.Release|Any CPU.ActiveCfg = Release|Win32
		{F4CA48E1-E986-4A38-89C1-24014BFC790B}.Release|x64.ActiveCfg = Release|x64
		{F4CA48E1-E986-4A38-89C1-24014BFC790B}.Release|x64.Build.0 = Release|x64
		{F4CA48E1-E986-4A38-89C1-24014BFC790B}.Release|x86.ActiveCfg = Release|Win32
		{F4CA48E1-E986-4A38-89C1-24014BFC790B}.Release|x86.Build.0 = Release|Win32
		{38A1D03D-7747-4F79-9539-358F1D1D8DD7}.Debug|Any CPU.ActiveCfg = Debug|Win32
		{38A1D03D-7747-4F79-9539-358F1D1D8DD7}.Debug|x64.ActiveCfg = Debug|Win32
		{38A1D03D-7747-4F79-9539-358F1D1D8DD7}.Debug|x86.ActiveCfg = Debug|Win32
		{38A1D03D-7747-4F79-9539-358F1D1D8DD7}.Debug|x86.Build.0 = Debug|Win32
		{38A1D03D-7747-4F79-9539-358F1D1D8DD7}.Release|Any CPU.ActiveCfg = Release|Win32
		{38A1D03D-7747-4F79-9539-358F1D1D8DD7}.Release|x64.ActiveCfg = Release|Win32
		{38A1D03D-7747-4F79-9539-358F1D1D8DD7}.Release|x86.ActiveCfg = Release|Win32
		{38A1D03D-7747-4F79-9539-358F1D1D8DD7}.Release|x86.Build.0 = Release|Win32
		{D6E40902-7A6C-4AF9-B69A-68E7B80B722C}.Debug|Any CPU.ActiveCfg = Debug|Win32
		{D6E40902-7A6C-4AF9-B69A-68E7B80B722C}.Debug|x64.ActiveCfg = Debug|x64
		{D6E40902-7A6C-4AF9-B69A-68E7B80B722C}.Debug|x64.Build.0 = Debug|x64
		{D6E40902-7A6C-4AF9-B69A-68E7B80B722C}.Debug|x86.ActiveCfg = Debug|Win32
		{D6E40902-7A6C-4AF9-B69A-68E7B80B722C}.Debug|x86.Build.0 = Debug|Win32
		{D6E40902-7A6C-4AF9-B69A-68E7B80B722C}.Release|Any CPU.ActiveCfg = Release|Win32
		{D6E40902-7A6C-4AF9-B69A-68E7B80B722C}.Release|x64.ActiveCfg = Release|x64
		{D6E40902-7A6C-4AF9-B69A-68E7B80B722C}.Release|x64.Build.0 = Release|x64
		{D6E40902-7A6C-4AF9-B69A-68E7B80B722C}.Release|x86.ActiveCfg = Release|Win32
		{D6E40902-7A6C-4AF9-B69A-68E7B80B722C}.Release|x86.Build.0 = Release|Win32
		{F566A901-C315-4D01-98D0-F728FDA9F6EF}.Debug|Any CPU.ActiveCfg = Debug|Win32
		{F566A901-C315-4D01-98D0-F728FDA9F6EF}.Debug|x64.ActiveCfg = Debug|x64
		{F566A901-C315-4D01-98D0-F728FDA9F6EF}.Debug|x64.Build.0 = Debug|x64
		{F566A901-C315-4D01-98D0-F728FDA9F6EF}.Debug|x86.ActiveCfg = Debug|Win32
		{F566A901-C315-4D01-98D0-F728FDA9F6EF}.Debug|x86.Build.0 = Debug|Win32
		{F566A901-C315-4D01-98D0-F728FDA9F6EF}.Release|Any CPU.ActiveCfg = Release|Win32
		{F566A901-C315-4D01-98D0-F728FDA9F6EF}.Release|x64.ActiveCfg = Release|x64
		{F566A901-C315-4D01-98D0-F728FDA9F6EF}.Release|x64.Build.0 = Release|x64
		{F566A901-C315-4D01-98D0-F728FDA9F6EF}.Release|x86.ActiveCfg = Release|Win32
		{F566A901-C315-4D01-98D0-F728FDA9F6EF}.Release|x86.Build.0 = Release|Win32
		{32C3B0D3-360B-4DF8-8C4F-4CA4D4AC586B}.Debug|Any CPU.ActiveCfg = Debug|Win32
		{32C3B0D3-360B-4DF8-8C4F-4CA4D4AC586B}.Debug|x64.ActiveCfg = Debug|x64
		{32C3B0D3-360B-4DF8-8C4F-4CA4D4AC586B}.Debug|x64.Build.0 = Debug|x64
		{32C3B0D3-360B-4DF8-8C4F-4CA4D4AC586B}.Debug|x86.ActiveCfg = Debug|Win32
		{32C3B0D3-360B-4DF8-8C4F-4CA4D4AC586B}.Debug|x86.Build.0 = Debug|Win32
		{32C3B0D3-360B-4DF8-8C4F-4CA4D4AC586B}.Release|Any CPU.ActiveCfg = Release|Win32
		{32C3B0D3-360B-4DF8-8C4F-4CA4D4AC586B}.Release|x64.ActiveCfg = Release|x64
		{32C3B0D3-360B-4DF8-8C4F-4CA4D4AC586B}.Release|x64.Build.0 = Release|x64
		{32C3B0D3-360B-4DF8-8C4F-4CA4D4AC586B}.Release|x86.ActiveCfg = Release|Win32
		{32C3B0D3-360B-4DF8-8C4F-4CA4D4AC586B}.Release|x86.Build.0 = Release|Win32
		{ED43D6A0-08CE-42BF-97CA-E0587BAAB733}.Debug|Any CPU.ActiveCfg = Debug|Win32
		{ED43D6A0-08CE-42BF-97CA-E0587BAAB733}.Debug|x64.ActiveCfg = Debug|x64
		{ED43D6A0-08CE-42BF-97CA-E0587BAAB733}.Debug|x64.Build.0 = Debug|x64
		{ED43D6A0-08CE-42BF-97CA-E0587BAAB733}.Debug|x86.ActiveCfg = Debug|Win32
		{ED43D6A0-08CE-42BF-97CA-E0587BAAB733}.Debug|x86.Build.0 = Debug|Win32
		{ED43D6A0-08CE-42BF-97CA-E0587BAAB733}.Release|Any CPU.ActiveCfg = Release|Win32
		{ED43D6A0-08CE-42BF-97CA-E0587BAAB733}.Release|x64.ActiveCfg = Release|x64
		{ED43D6A0-08CE-42BF-97CA-E0587BAAB733}.Release|x64.Build.0 = Release|x64
		{ED43D6A0-08CE-42BF-97CA-E0587BAAB733}.Release|x86.ActiveCfg = Release|Win32
		{ED43D6A0-08CE-42BF-97CA-E0587BAAB733}.Release|x86.Build.0 = Release|Win32
		{BDEC143A-926B-4058-B7AA-B08C55173237}.Debug|Any CPU.ActiveCfg = Debug|Win32
		{BDEC143A-926B-4058-B7AA-B08C55173237}.Debug|x64.ActiveCfg = Debug|x64
		{BDEC143A-926B-4058-B7AA-B08C55173237}.Debug|x64.Build.0 = Debug|x64
		{BDEC143A-926B-4058-B7AA-B08C55173237}.Debug|x86.ActiveCfg = Debug|Win32
		{BDEC143A-926B-4058-B7AA-B08C55173237}.Debug|x86.Build.0 = Debug|Win32
		{BDEC143A-926B-4058-B7AA-B08C55173237}.Release|Any CPU.ActiveCfg = Release|Win32
		{BDEC143A-926B-4058-B7AA-B08C55173237}.Release|x64.ActiveCfg = Release|x64
		{BDEC143A-926B-4058-B7AA-B08C55173237}.Release|x64.Build.0 = Release|x64
		{BDEC143A-926B-4058-B7AA-B08C55173237}.Release|x86.ActiveCfg = Release|Win32
		{BDEC143A-926B-4058-B7AA-B08C55173237}.Release|x86.Build.0 = Release|Win32
		{2FB336ED-53C7-46E2-A942-8BEC5B45AF9A}.Debug|Any CPU.ActiveCfg = Debug|Win32
		{2FB336ED-53C7-46E2-A942-8BEC5B45AF9A}.Debug|x64.ActiveCfg = Debug|x64
		{2FB336ED-53C7-46E2-A942-8BEC5B45AF9A}.Debug|x64.Build.0 = Debug|x64
		{2FB336ED-53C7-46E2-A942-8BEC5B45AF9A}.Debug|x86.ActiveCfg = Debug|Win32
		{2FB336ED-53C7-46E2-A942-8BEC5B45AF9A}.Debug|x86.Build.0 = Debug|Win32
		{2FB336ED-53C7-46E2-A942-8BEC5B45AF9A}.Release|Any CPU.ActiveCfg = Release|Win32
		{2FB336ED-53C7-46E2-A942-8BEC5B45AF9A}.Release|x64.ActiveCfg = Release|x64
		{2FB336ED-53C7-46E2-A942-8BEC5B45AF9A}.Release|x64.Build.0 = Release|x64
		{2FB336ED-53C7-46E2-A942-8BEC5B45AF9A}.Release|x86.ActiveCfg = Release|Win32
		{2FB336ED-53C7-46E2-A942-8BEC5B45AF9A}.Release|x86.Build.0 = Release|Win32
		{68345F1C-5B11-48CF-8AD8-059E981241DB}.Debug|Any CPU.ActiveCfg = Debug|Win32
		{68345F1C-5B11-48CF-8AD8-059E981241DB}.Debug|x64.ActiveCfg = Debug|x64
		{68345F1C-5B11-48CF-8AD8-059E981241DB}.Debug|x64.Build.0 = Debug|x64
		{68345F1C-5B11-48CF-8AD8-059E981241DB}.Debug|x86.ActiveCfg = Debug|Win32
		{68345F1C-5B11-48CF-8AD8-059E981241DB}.Debug|x86.Build.0 = Debug|Win32
		{68345F1C-5B11-48CF-8AD8-059E981241DB}.Release|Any CPU.ActiveCfg = Release|Win32
		{68345F1C-5B11-48CF-8AD8-059E981241DB}.Release|x64.ActiveCfg = Release|x64
		{68345F1C-5B11-48CF-8AD8-059E981241DB}.Release|x64.Build.0 = Release|x64
		{68345F1C-5B11-48CF-8AD8-059E981241DB}.Release|x86.ActiveCfg = Release|Win32
		{68345F1C-5B11-48CF-8AD8-059E981241DB}.Release|x86.Build.0 = Release|Win32
		{C1E1F450-B7E1-4796-84D5-7D3C831DFF68}.Debug|Any CPU.ActiveCfg = Debug|Win32
		{C1E1F450-B7E1-4796-84D5-7D3C831DFF68}.Debug|x64.ActiveCfg = Debug|x64
		{C1E1F450-B7E1-4796-84D5-7D3C831DFF68}.Debug|x64.Build.0 = Debug|x64
		{C1E1F450-B7E1-4796-84D5-7D3C831DFF68}.Debug|x86.ActiveCfg = Debug|Win32
		{C1E1F450-B7E1-4796-84D5-7D3C831DFF68}.Debug|x86.Build.0 = Debug|Win32
		{C1E1F450-B7E1-4796-84D5-7D3C831DFF68}.Release|Any CPU.ActiveCfg = Release|Win32
		{C1E1F450-B7E1-4796-84D5-7D3C831DFF68}.Release|x64.ActiveCfg = Release|x64
		{C1E1F450-B7E1-4796-84D5-7D3C831DFF68}.Release|x64.Build.0 = Release|x64
		{C1E1F450-B7E1-4796-84D5-7D3C831DFF68}.Release|x86.ActiveCfg = Release|Win32
		{C1E1F450-B7E1-4796-84D5-7D3C831DFF68}.Release|x86.Build.0 = Release|Win32
		{6105617E-3D4C-4914-BA33-E3D053496BA3}.Debug|Any CPU.ActiveCfg = Debug|Win32
		{6105617E-3D4C-4914-BA33-E3D053496BA3}.Debug|x64.ActiveCfg = Debug|x64
		{6105617E-3D4C-4914-BA33-E3D053496BA3}.Debug|x64.Build.0 = Debug|x64
		{6105617E-3D4C-4914-BA33-E3D053496BA3}.Debug|x86.ActiveCfg = Debug|Win32
		{6105617E-3D4C-4914-BA33-E3D053496BA3}.Debug|x86.Build.0 = Debug|Win32
		{6105617E-3D4C-4914-BA33-E3D053496BA3}.Release|Any CPU.ActiveCfg = Release|Win32
		{6105617E-3D4C-4914-BA33-E3D053496BA3}.Release|x64.ActiveCfg = Release|x64
		{6105617E-3D4C-4914-BA33-E3D053496BA3}.Release|x64.Build.0 = Release|x64
		{6105617E-3D4C-4914-BA33-E3D053496BA3}.Release|x86.ActiveCfg = Release|Win32
		{6105617E-3D4C-4914-BA33-E3D053496BA3}.Release|x86.Build.0 = Release|Win32
		{B1DB1846-C0FC-48EF-80E4-DC556E9240FA}.Debug|Any CPU.ActiveCfg = Debug|Win32
		{B1DB1846-C0FC-48EF-80E4-DC556E9240FA}.Debug|x64.ActiveCfg = Debug|x64
		{B1DB1846-C0FC-48EF-80E4-DC556E9240FA}.Debug|x64.Build.0 = Debug|x64
		{B1DB1846-C0FC-48EF-80E4-DC556E9240FA}.Debug|x86.ActiveCfg = Debug|Win32
		{B1DB1846-C0FC-48EF-80E4-DC556E9240FA}.Debug|x86.Build.0 = Debug|Win32
		{B1DB1846-C0FC-48EF-80E4-DC556E9240FA}.Release|Any CPU.ActiveCfg = Release|Win32
		{B1DB1846-C0FC-48EF-80E4-DC556E9240FA}.Release|x64.ActiveCfg = Release|x64
		{B1DB1846-C0FC-48EF-80E4-DC556E9240FA}.Release|x64.Build.0 = Release|x64
		{B1DB1846-C0FC-48EF-80E4-DC556E9240FA}.Release|x86.ActiveCfg = Release|Win32
		{B1DB1846-C0FC-48EF-80E4-DC556E9240FA}.Release|x86.Build.0 = Release|Win32
		{1A652E61-D7D7-49A9-958D-AB83E9C186C5}.Debug|Any CPU.ActiveCfg = Debug|Any CPU
		{1A652E61-D7D7-49A9-958D-AB83E9C186C5}.Debug|Any CPU.Build.0 = Debug|Any CPU
		{1A652E61-D7D7-49A9-958D-AB83E9C186C5}.Debug|x64.ActiveCfg = Debug|x64
		{1A652E61-D7D7-49A9-958D-AB83E9C186C5}.Debug|x64.Build.0 = Debug|x64
		{1A652E61-D7D7-49A9-958D-AB83E9C186C5}.Debug|x86.ActiveCfg = Debug|x86
		{1A652E61-D7D7-49A9-958D-AB83E9C186C5}.Debug|x86.Build.0 = Debug|x86
		{1A652E61-D7D7-49A9-958D-AB83E9C186C5}.Release|Any CPU.ActiveCfg = Release|Any CPU
		{1A652E61-D7D7-49A9-958D-AB83E9C186C5}.Release|Any CPU.Build.0 = Release|Any CPU
		{1A652E61-D7D7-49A9-958D-AB83E9C186C5}.Release|x64.ActiveCfg = Release|x64
		{1A652E61-D7D7-49A9-958D-AB83E9C186C5}.Release|x64.Build.0 = Release|x64
		{1A652E61-D7D7-49A9-958D-AB83E9C186C5}.Release|x86.ActiveCfg = Release|x86
		{1A652E61-D7D7-49A9-958D-AB83E9C186C5}.Release|x86.Build.0 = Release|x86
		{C6AE2374-F0E1-40F6-B4D1-C51E6ABBDC9B}.Debug|Any CPU.ActiveCfg = Debug|Win32
		{C6AE2374-F0E1-40F6-B4D1-C51E6ABBDC9B}.Debug|x64.ActiveCfg = Debug|x64
		{C6AE2374-F0E1-40F6-B4D1-C51E6ABBDC9B}.Debug|x64.Build.0 = Debug|x64
		{C6AE2374-F0E1-40F6-B4D1-C51E6ABBDC9B}.Debug|x86.ActiveCfg = Debug|Win32
		{C6AE2374-F0E1-40F6-B4D1-C51E6ABBDC9B}.Debug|x86.Build.0 = Debug|Win32
		{C6AE2374-F0E1-40F6-B4D1-C51E6ABBDC9B}.Release|Any CPU.ActiveCfg = Release|Win32
		{C6AE2374-F0E1-40F6-B4D1-C51E6ABBDC9B}.Release|x64.ActiveCfg = Release|x64
		{C6AE2374-F0E1-40F6-B4D1-C51E6ABBDC9B}.Release|x64.Build.0 = Release|x64
		{C6AE2374-F0E1-40F6-B4D1-C51E6ABBDC9B}.Release|x86.ActiveCfg = Release|Win32
		{C6AE2374-F0E1-40F6-B4D1-C51E6ABBDC9B}.Release|x86.Build.0 = Release|Win32
	EndGlobalSection
	GlobalSection(SolutionProperties) = preSolution
		HideSolutionNode = FALSE
	EndGlobalSection
	GlobalSection(ExtensibilityGlobals) = postSolution
		SolutionGuid = {BB25950E-9039-4AF6-A437-02DB15BF8162}
	EndGlobalSection
EndGlobal
